
Microsoft Visual Studio Solution File, Format Version 12.00
# Visual Studio Version 16
VisualStudioVersion = 16.0.30114.105
MinimumVisualStudioVersion = 10.0.40219.1
Project("{FAE04EC0-301F-11D3-BF4B-00C04F79EFBC}") = "ImageFormats", "ImageFormats\ImageFormats.csproj", "{4713BD50-7E76-45BE-B8D9-EA0FC8B1DCE5}"
EndProject
Global
	GlobalSection(SolutionConfigurationPlatforms) = preSolution
		Debug|Any CPU = Debug|Any CPU
		Release|Any CPU = Release|Any CPU
	EndGlobalSection
	GlobalSection(ProjectConfigurationPlatforms) = postSolution
		{4713BD50-7E76-45BE-B8D9-EA0FC8B1DCE5}.Debug|Any CPU.ActiveCfg = Debug|Any CPU
		{4713BD50-7E76-45BE-B8D9-EA0FC8B1DCE5}.Debug|Any CPU.Build.0 = Debug|Any CPU
		{4713BD50-7E76-45BE-B8D9-EA0FC8B1DCE5}.Release|Any CPU.ActiveCfg = Release|Any CPU
		{4713BD50-7E76-45BE-B8D9-EA0FC8B1DCE5}.Release|Any CPU.Build.0 = Release|Any CPU
	EndGlobalSection
	GlobalSection(SolutionProperties) = preSolution
		HideSolutionNode = FALSE
	EndGlobalSection
	GlobalSection(ExtensibilityGlobals) = postSolution
		SolutionGuid = {54E6CE3E-F8E7-4215-87D2-FA0AACF41738}
	EndGlobalSection
EndGlobal
